
Microsoft Visual Studio Solution File, Format Version 12.00
# Visual Studio Version 17
VisualStudioVersion = 17.6.33712.159
MinimumVisualStudioVersion = 10.0.40219.1
Project("{FAE04EC0-301F-11D3-BF4B-00C04F79EFBC}") = "Quanlitiembanh", "Quanlitiembanh\Quanlitiembanh.csproj", "{6E30C2E5-6D5C-4D59-A6D7-806C5B2EB522}"
EndProject
Global
	GlobalSection(SolutionConfigurationPlatforms) = preSolution
		Debug|Any CPU = Debug|Any CPU
		Release|Any CPU = Release|Any CPU
	EndGlobalSection
	GlobalSection(ProjectConfigurationPlatforms) = postSolution
		{6E30C2E5-6D5C-4D59-A6D7-806C5B2EB522}.Debug|Any CPU.ActiveCfg = Debug|Any CPU
		{6E30C2E5-6D5C-4D59-A6D7-806C5B2EB522}.Debug|Any CPU.Build.0 = Debug|Any CPU
		{6E30C2E5-6D5C-4D59-A6D7-806C5B2EB522}.Release|Any CPU.ActiveCfg = Release|Any CPU
		{6E30C2E5-6D5C-4D59-A6D7-806C5B2EB522}.Release|Any CPU.Build.0 = Release|Any CPU
	EndGlobalSection
	GlobalSection(SolutionProperties) = preSolution
		HideSolutionNode = FALSE
	EndGlobalSection
	GlobalSection(ExtensibilityGlobals) = postSolution
		SolutionGuid = {B723159D-B24E-4223-9D8E-91D9F3C1E597}
	EndGlobalSection
EndGlobal
